
Microsoft Visual Studio Solution File, Format Version 12.00
# Visual Studio 2012
Project("{FAE04EC0-301F-11D3-BF4B-00C04F79EFBC}") = "Red.Web.Realtime", "Red.Web.Realtime\Red.Web.Realtime.csproj", "{81809611-2656-4FED-B728-B29926DA85E7}"
EndProject
Project("{FAE04EC0-301F-11D3-BF4B-00C04F79EFBC}") = "RealtimeTestApp", "RealtimeTestApp\RealtimeTestApp.csproj", "{CBAE1EBA-3143-4D85-B03F-AA9A068DB2FF}"
EndProject
Global
	GlobalSection(SolutionConfigurationPlatforms) = preSolution
		Debug|Any CPU = Debug|Any CPU
		Release|Any CPU = Release|Any CPU
	EndGlobalSection
	GlobalSection(ProjectConfigurationPlatforms) = postSolution
		{81809611-2656-4FED-B728-B29926DA85E7}.Debug|Any CPU.ActiveCfg = Debug|Any CPU
		{81809611-2656-4FED-B728-B29926DA85E7}.Debug|Any CPU.Build.0 = Debug|Any CPU
		{81809611-2656-4FED-B728-B29926DA85E7}.Release|Any CPU.ActiveCfg = Release|Any CPU
		{81809611-2656-4FED-B728-B29926DA85E7}.Release|Any CPU.Build.0 = Release|Any CPU
		{CBAE1EBA-3143-4D85-B03F-AA9A068DB2FF}.Debug|Any CPU.ActiveCfg = Debug|Any CPU
		{CBAE1EBA-3143-4D85-B03F-AA9A068DB2FF}.Debug|Any CPU.Build.0 = Debug|Any CPU
		{CBAE1EBA-3143-4D85-B03F-AA9A068DB2FF}.Release|Any CPU.ActiveCfg = Release|Any CPU
		{CBAE1EBA-3143-4D85-B03F-AA9A068DB2FF}.Release|Any CPU.Build.0 = Release|Any CPU
	EndGlobalSection
EndGlobal
